
Microsoft Visual Studio Solution File, Format Version 12.00
# Visual Studio Version 16
VisualStudioVersion = 16.0.31129.286
MinimumVisualStudioVersion = 10.0.40219.1
Project("{9A19103F-16F7-4668-BE54-9A1E7A4F7556}") = "DAW_Blog_BE", "DAW_Blog_BE.csproj", "{125C14FE-0AF6-4EB3-8FF9-3D66DA026204}"
EndProject
Global
	GlobalSection(SolutionConfigurationPlatforms) = preSolution
		Debug|Any CPU = Debug|Any CPU
		Release|Any CPU = Release|Any CPU
	EndGlobalSection
	GlobalSection(ProjectConfigurationPlatforms) = postSolution
		{125C14FE-0AF6-4EB3-8FF9-3D66DA026204}.Debug|Any CPU.ActiveCfg = Debug|Any CPU
		{125C14FE-0AF6-4EB3-8FF9-3D66DA026204}.Debug|Any CPU.Build.0 = Debug|Any CPU
		{125C14FE-0AF6-4EB3-8FF9-3D66DA026204}.Release|Any CPU.ActiveCfg = Release|Any CPU
		{125C14FE-0AF6-4EB3-8FF9-3D66DA026204}.Release|Any CPU.Build.0 = Release|Any CPU
	EndGlobalSection
	GlobalSection(SolutionProperties) = preSolution
		HideSolutionNode = FALSE
	EndGlobalSection
	GlobalSection(ExtensibilityGlobals) = postSolution
		SolutionGuid = {F913F2C7-389C-4C4D-86FC-6649F4BFFE25}
	EndGlobalSection
EndGlobal
